
Microsoft Visual Studio Solution File, Format Version 12.00
# Visual Studio Version 17
VisualStudioVersion = 17.9.34728.123
MinimumVisualStudioVersion = 10.0.40219.1
Project("{FAE04EC0-301F-11D3-BF4B-00C04F79EFBC}") = "MovieDatabase", "MovieDatabase.csproj", "{45C75124-D0AC-4CF1-8259-9C38F3B91D82}"
EndProject
Global
	GlobalSection(SolutionConfigurationPlatforms) = preSolution
		Debug|Any CPU = Debug|Any CPU
		Release|Any CPU = Release|Any CPU
	EndGlobalSection
	GlobalSection(ProjectConfigurationPlatforms) = postSolution
		{45C75124-D0AC-4CF1-8259-9C38F3B91D82}.Debug|Any CPU.ActiveCfg = Debug|Any CPU
		{45C75124-D0AC-4CF1-8259-9C38F3B91D82}.Debug|Any CPU.Build.0 = Debug|Any CPU
		{45C75124-D0AC-4CF1-8259-9C38F3B91D82}.Release|Any CPU.ActiveCfg = Release|Any CPU
		{45C75124-D0AC-4CF1-8259-9C38F3B91D82}.Release|Any CPU.Build.0 = Release|Any CPU
	EndGlobalSection
	GlobalSection(SolutionProperties) = preSolution
		HideSolutionNode = FALSE
	EndGlobalSection
	GlobalSection(ExtensibilityGlobals) = postSolution
		SolutionGuid = {62445D76-B47D-4527-B7B3-799008FB725B}
	EndGlobalSection
EndGlobal
